// !$*UTF8*$!
{
	archiveVersion = 1;
	classes = {
	};
	objectVersion = 50;
	objects = {

/* Begin PBXBuildFile section */
		9278F586231C566E0066FDF9 /* AppDelegate.swift in Sources */ = {isa = PBXBuildFile; fileRef = 9278F585231C566E0066FDF9 /* AppDelegate.swift */; };
		9278F588231C566E0066FDF9 /* ViewController.swift in Sources */ = {isa = PBXBuildFile; fileRef = 9278F587231C566E0066FDF9 /* ViewController.swift */; };
		9278F58B231C566E0066FDF9 /* Main.storyboard in Resources */ = {isa = PBXBuildFile; fileRef = 9278F589231C566E0066FDF9 /* Main.storyboard */; };
		9278F58D231C56700066FDF9 /* Assets.xcassets in Resources */ = {isa = PBXBuildFile; fileRef = 9278F58C231C56700066FDF9 /* Assets.xcassets */; };
		9278F590231C56700066FDF9 /* LaunchScreen.storyboard in Resources */ = {isa = PBXBuildFile; fileRef = 9278F58E231C56700066FDF9 /* LaunchScreen.storyboard */; };
		9278F59B231C56700066FDF9 /* Word_ScrambleTests.swift in Sources */ = {isa = PBXBuildFile; fileRef = 9278F59A231C56700066FDF9 /* Word_ScrambleTests.swift */; };
		92D4D4D3231CACBF0061D52A /* Words5 in Resources */ = {isa = PBXBuildFile; fileRef = 92D4D4CF231CACBF0061D52A /* Words5 */; };
		92D4D4D4231CACBF0061D52A /* WordModel.swift in Sources */ = {isa = PBXBuildFile; fileRef = 92D4D4D0231CACBF0061D52A /* WordModel.swift */; };
		92D4D4D5231CACBF0061D52A /* Words6 in Resources */ = {isa = PBXBuildFile; fileRef = 92D4D4D1231CACBF0061D52A /* Words6 */; };
		92D4D4D6231CACBF0061D52A /* Words4 in Resources */ = {isa = PBXBuildFile; fileRef = 92D4D4D2231CACBF0061D52A /* Words4 */; };
/* End PBXBuildFile section */

/* Begin PBXContainerItemProxy section */
		9278F597231C56700066FDF9 /* PBXContainerItemProxy */ = {
			isa = PBXContainerItemProxy;
			containerPortal = 9278F57A231C566E0066FDF9 /* Project object */;
			proxyType = 1;
			remoteGlobalIDString = 9278F581231C566E0066FDF9;
			remoteInfo = "Word Scramble";
		};
/* End PBXContainerItemProxy section */

/* Begin PBXFileReference section */
		9278F582231C566E0066FDF9 /* Word Scramble.app */ = {isa = PBXFileReference; explicitFileType = wrapper.application; includeInIndex = 0; path = "Word Scramble.app"; sourceTree = BUILT_PRODUCTS_DIR; };
		9278F585231C566E0066FDF9 /* AppDelegate.swift */ = {isa = PBXFileReference; lastKnownFileType = sourcecode.swift; path = AppDelegate.swift; sourceTree = "<group>"; };
		9278F587231C566E0066FDF9 /* ViewController.swift */ = {isa = PBXFileReference; lastKnownFileType = sourcecode.swift; path = ViewController.swift; sourceTree = "<group>"; };
		9278F58A231C566E0066FDF9 /* Base */ = {isa = PBXFileReference; lastKnownFileType = file.storyboard; name = Base; path = Base.lproj/Main.storyboard; sourceTree = "<group>"; };
		9278F58C231C56700066FDF9 /* Assets.xcassets */ = {isa = PBXFileReference; lastKnownFileType = folder.assetcatalog; path = Assets.xcassets; sourceTree = "<group>"; };
		9278F58F231C56700066FDF9 /* Base */ = {isa = PBXFileReference; lastKnownFileType = file.storyboard; name = Base; path = Base.lproj/LaunchScreen.storyboard; sourceTree = "<group>"; };
		9278F591231C56700066FDF9 /* Info.plist */ = {isa = PBXFileReference; lastKnownFileType = text.plist.xml; path = Info.plist; sourceTree = "<group>"; };
		9278F596231C56700066FDF9 /* Word ScrambleTests.xctest */ = {isa = PBXFileReference; explicitFileType = wrapper.cfbundle; includeInIndex = 0; path = "Word ScrambleTests.xctest"; sourceTree = BUILT_PRODUCTS_DIR; };
		9278F59A231C56700066FDF9 /* Word_ScrambleTests.swift */ = {isa = PBXFileReference; lastKnownFileType = sourcecode.swift; path = Word_ScrambleTests.swift; sourceTree = "<group>"; };
		9278F59C231C56700066FDF9 /* Info.plist */ = {isa = PBXFileReference; lastKnownFileType = text.plist.xml; path = Info.plist; sourceTree = "<group>"; };
		92D4D4CF231CACBF0061D52A /* Words5 */ = {isa = PBXFileReference; fileEncoding = 4; lastKnownFileType = text; path = Words5; sourceTree = "<group>"; };
		92D4D4D0231CACBF0061D52A /* WordModel.swift */ = {isa = PBXFileReference; fileEncoding = 4; lastKnownFileType = sourcecode.swift; path = WordModel.swift; sourceTree = "<group>"; };
		92D4D4D1231CACBF0061D52A /* Words6 */ = {isa = PBXFileReference; fileEncoding = 4; lastKnownFileType = text; path = Words6; sourceTree = "<group>"; };
		92D4D4D2231CACBF0061D52A /* Words4 */ = {isa = PBXFileReference; fileEncoding = 4; lastKnownFileType = text; path = Words4; sourceTree = "<group>"; };
/* End PBXFileReference section */

/* Begin PBXFrameworksBuildPhase section */
		9278F57F231C566E0066FDF9 /* Frameworks */ = {
			isa = PBXFrameworksBuildPhase;
			buildActionMask = 2147483647;
			files = (
			);
			runOnlyForDeploymentPostprocessing = 0;
		};
		9278F593231C56700066FDF9 /* Frameworks */ = {
			isa = PBXFrameworksBuildPhase;
			buildActionMask = 2147483647;
			files = (
			);
			runOnlyForDeploymentPostprocessing = 0;
		};
/* End PBXFrameworksBuildPhase section */

/* Begin PBXGroup section */
		9278F579231C566E0066FDF9 = {
			isa = PBXGroup;
			children = (
				9278F584231C566E0066FDF9 /* Word Scramble */,
				9278F599231C56700066FDF9 /* Word ScrambleTests */,
				9278F583231C566E0066FDF9 /* Products */,
			);
			sourceTree = "<group>";
		};
		9278F583231C566E0066FDF9 /* Products */ = {
			isa = PBXGroup;
			children = (
				9278F582231C566E0066FDF9 /* Word Scramble.app */,
				9278F596231C56700066FDF9 /* Word ScrambleTests.xctest */,
			);
			name = Products;
			sourceTree = "<group>";
		};
		9278F584231C566E0066FDF9 /* Word Scramble */ = {
			isa = PBXGroup;
			children = (
				9278F585231C566E0066FDF9 /* AppDelegate.swift */,
				9278F587231C566E0066FDF9 /* ViewController.swift */,
				9278F589231C566E0066FDF9 /* Main.storyboard */,
				9278F58C231C56700066FDF9 /* Assets.xcassets */,
				9278F58E231C56700066FDF9 /* LaunchScreen.storyboard */,
				9278F591231C56700066FDF9 /* Info.plist */,
				92D4D4D0231CACBF0061D52A /* WordModel.swift */,
				92D4D4D2231CACBF0061D52A /* Words4 */,
				92D4D4CF231CACBF0061D52A /* Words5 */,
				92D4D4D1231CACBF0061D52A /* Words6 */,
			);
			path = "Word Scramble";
			sourceTree = "<group>";
		};
		9278F599231C56700066FDF9 /* Word ScrambleTests */ = {
			isa = PBXGroup;
			children = (
				9278F59A231C56700066FDF9 /* Word_ScrambleTests.swift */,
				9278F59C231C56700066FDF9 /* Info.plist */,
			);
			path = "Word ScrambleTests";
			sourceTree = "<group>";
		};
/* End PBXGroup section */

/* Begin PBXNativeTarget section */
		9278F581231C566E0066FDF9 /* Word Scramble */ = {
			isa = PBXNativeTarget;
			buildConfigurationList = 9278F59F231C56700066FDF9 /* Build configuration list for PBXNativeTarget "Word Scramble" */;
			buildPhases = (
				9278F57E231C566E0066FDF9 /* Sources */,
				9278F57F231C566E0066FDF9 /* Frameworks */,
				9278F580231C566E0066FDF9 /* Resources */,
			);
			buildRules = (
			);
			dependencies = (
			);
			name = "Word Scramble";
			productName = "Word Scramble";
			productReference = 9278F582231C566E0066FDF9 /* Word Scramble.app */;
			productType = "com.apple.product-type.application";
		};
		9278F595231C56700066FDF9 /* Word ScrambleTests */ = {
			isa = PBXNativeTarget;
			buildConfigurationList = 9278F5A2231C56700066FDF9 /* Build configuration list for PBXNativeTarget "Word ScrambleTests" */;
			buildPhases = (
				9278F592231C56700066FDF9 /* Sources */,
				9278F593231C56700066FDF9 /* Frameworks */,
				9278F594231C56700066FDF9 /* Resources */,
			);
			buildRules = (
			);
			dependencies = (
				9278F598231C56700066FDF9 /* PBXTargetDependency */,
			);
			name = "Word ScrambleTests";
			productName = "Word ScrambleTests";
			productReference = 9278F596231C56700066FDF9 /* Word ScrambleTests.xctest */;
			productType = "com.apple.product-type.bundle.unit-test";
		};
/* End PBXNativeTarget section */

/* Begin PBXProject section */
		9278F57A231C566E0066FDF9 /* Project object */ = {
			isa = PBXProject;
			attributes = {
				LastSwiftUpdateCheck = 1030;
				LastUpgradeCheck = 1030;
				ORGANIZATIONNAME = "Yixuan Zhang";
				TargetAttributes = {
					9278F581231C566E0066FDF9 = {
						CreatedOnToolsVersion = 10.3;
					};
					9278F595231C56700066FDF9 = {
						CreatedOnToolsVersion = 10.3;
						TestTargetID = 9278F581231C566E0066FDF9;
					};
				};
			};
			buildConfigurationList = 9278F57D231C566E0066FDF9 /* Build configuration list for PBXProject "Word Scramble" */;
			compatibilityVersion = "Xcode 9.3";
			developmentRegion = en;
			hasScannedForEncodings = 0;
			knownRegions = (
				en,
				Base,
			);
			mainGroup = 9278F579231C566E0066FDF9;
			productRefGroup = 9278F583231C566E0066FDF9 /* Products */;
			projectDirPath = "";
			projectRoot = "";
			targets = (
				9278F581231C566E0066FDF9 /* Word Scramble */,
				9278F595231C56700066FDF9 /* Word ScrambleTests */,
			);
		};
/* End PBXProject section */

/* Begin PBXResourcesBuildPhase section */
		9278F580231C566E0066FDF9 /* Resources */ = {
			isa = PBXResourcesBuildPhase;
			buildActionMask = 2147483647;
			files = (
				92D4D4D5231CACBF0061D52A /* Words6 in Resources */,
				9278F590231C56700066FDF9 /* LaunchScreen.storyboard in Resources */,
				9278F58D231C56700066FDF9 /* Assets.xcassets in Resources */,
				92D4D4D3231CACBF0061D52A /* Words5 in Resources */,
				9278F58B231C566E0066FDF9 /* Main.storyboard in Resources */,
				92D4D4D6231CACBF0061D52A /* Words4 in Resources */,
			);
			runOnlyForDeploymentPostprocessing = 0;
		};
		9278F594231C56700066FDF9 /* Resources */ = {
			isa = PBXResourcesBuildPhase;
			buildActionMask = 2147483647;
			files = (
			);
			runOnlyForDeploymentPostprocessing = 0;
		};
/* End PBXResourcesBuildPhase section */

/* Begin PBXSourcesBuildPhase section */
		9278F57E231C566E0066FDF9 /* Sources */ = {
			isa = PBXSourcesBuildPhase;
			buildActionMask = 2147483647;
			files = (
				9278F588231C566E0066FDF9 /* ViewController.swift in Sources */,
				92D4D4D4231CACBF0061D52A /* WordModel.swift in Sources */,
				9278F586231C566E0066FDF9 /* AppDelegate.swift in Sources */,
			);
			runOnlyForDeploymentPostprocessing = 0;
		};
		9278F592231C56700066FDF9 /* Sources */ = {
			isa = PBXSourcesBuildPhase;
			buildActionMask = 2147483647;
			files = (
				9278F59B231C56700066FDF9 /* Word_ScrambleTests.swift in Sources */,
			);
			runOnlyForDeploymentPostprocessing = 0;
		};
/* End PBXSourcesBuildPhase section */

/* Begin PBXTargetDependency section */
		9278F598231C56700066FDF9 /* PBXTargetDependency */ = {
			isa = PBXTargetDependency;
			target = 9278F581231C566E0066FDF9 /* Word Scramble */;
			targetProxy = 9278F597231C56700066FDF9 /* PBXContainerItemProxy */;
		};
/* End PBXTargetDependency section */

/* Begin PBXVariantGroup section */
		9278F589231C566E0066FDF9 /* Main.storyboard */ = {
			isa = PBXVariantGroup;
			children = (
				9278F58A231C566E0066FDF9 /* Base */,
			);
			name = Main.storyboard;
			sourceTree = "<group>";
		};
		9278F58E231C56700066FDF9 /* LaunchScreen.storyboard */ = {
			isa = PBXVariantGroup;
			children = (
				9278F58F231C56700066FDF9 /* Base */,
			);
			name = LaunchScreen.storyboard;
			sourceTree = "<group>";
		};
/* End PBXVariantGroup section */

/* Begin XCBuildConfiguration section */
		9278F59D231C56700066FDF9 /* Debug */ = {
			isa = XCBuildConfiguration;
			buildSettings = {
				ALWAYS_SEARCH_USER_PATHS = NO;
				CLANG_ANALYZER_NONNULL = YES;
				CLANG_ANALYZER_NUMBER_OBJECT_CONVERSION = YES_AGGRESSIVE;
				CLANG_CXX_LANGUAGE_STANDARD = "gnu++14";
				CLANG_CXX_LIBRARY = "libc++";
				CLANG_ENABLE_MODULES = YES;
				CLANG_ENABLE_OBJC_ARC = YES;
				CLANG_ENABLE_OBJC_WEAK = YES;
				CLANG_WARN_BLOCK_CAPTURE_AUTORELEASING = YES;
				CLANG_WARN_BOOL_CONVERSION = YES;
				CLANG_WARN_COMMA = YES;
				CLANG_WARN_CONSTANT_CONVERSION = YES;
				CLANG_WARN_DEPRECATED_OBJC_IMPLEMENTATIONS = YES;
				CLANG_WARN_DIRECT_OBJC_ISA_USAGE = YES_ERROR;
				CLANG_WARN_DOCUMENTATION_COMMENTS = YES;
				CLANG_WARN_EMPTY_BODY = YES;
				CLANG_WARN_ENUM_CONVERSION = YES;
				CLANG_WARN_INFINITE_RECURSION = YES;
				CLANG_WARN_INT_CONVERSION = YES;
				CLANG_WARN_NON_LITERAL_NULL_CONVERSION = YES;
				CLANG_WARN_OBJC_IMPLICIT_RETAIN_SELF = YES;
				CLANG_WARN_OBJC_LITERAL_CONVERSION = YES;
				CLANG_WARN_OBJC_ROOT_CLASS = YES_ERROR;
				CLANG_WARN_RANGE_LOOP_ANALYSIS = YES;
				CLANG_WARN_STRICT_PROTOTYPES = YES;
				CLANG_WARN_SUSPICIOUS_MOVE = YES;
				CLANG_WARN_UNGUARDED_AVAILABILITY = YES_AGGRESSIVE;
				CLANG_WARN_UNREACHABLE_CODE = YES;
				CLANG_WARN__DUPLICATE_METHOD_MATCH = YES;
				CODE_SIGN_IDENTITY = "iPhone Developer";
				COPY_PHASE_STRIP = NO;
				DEBUG_INFORMATION_FORMAT = dwarf;
				ENABLE_STRICT_OBJC_MSGSEND = YES;
				ENABLE_TESTABILITY = YES;
				GCC_C_LANGUAGE_STANDARD = gnu11;
				GCC_DYNAMIC_NO_PIC = NO;
				GCC_NO_COMMON_BLOCKS = YES;
				GCC_OPTIMIZATION_LEVEL = 0;
				GCC_PREPROCESSOR_DEFINITIONS = (
					"DEBUG=1",
					"$(inherited)",
				);
				GCC_WARN_64_TO_32_BIT_CONVERSION = YES;
				GCC_WARN_ABOUT_RETURN_TYPE = YES_ERROR;
				GCC_WARN_UNDECLARED_SELECTOR = YES;
				GCC_WARN_UNINITIALIZED_AUTOS = YES_AGGRESSIVE;
				GCC_WARN_UNUSED_FUNCTION = YES;
				GCC_WARN_UNUSED_VARIABLE = YES;
				IPHONEOS_DEPLOYMENT_TARGET = 12.4;
				MTL_ENABLE_DEBUG_INFO = INCLUDE_SOURCE;
				MTL_FAST_MATH = YES;
				ONLY_ACTIVE_ARCH = YES;
				SDKROOT = iphoneos;
				SWIFT_ACTIVE_COMPILATION_CONDITIONS = DEBUG;
				SWIFT_OPTIMIZATION_LEVEL = "-Onone";
			};
			name = Debug;
		};
		9278F59E231C56700066FDF9 /* Release */ = {
			isa = XCBuildConfiguration;
			buildSettings = {
				ALWAYS_SEARCH_USER_PATHS = NO;
				CLANG_ANALYZER_NONNULL = YES;
				CLANG_ANALYZER_NUMBER_OBJECT_CONVERSION = YES_AGGRESSIVE;
				CLANG_CXX_LANGUAGE_STANDARD = "gnu++14";
				CLANG_CXX_LIBRARY = "libc++";
				CLANG_ENABLE_MODULES = YES;
				CLANG_ENABLE_OBJC_ARC = YES;
				CLANG_ENABLE_OBJC_WEAK = YES;
				CLANG_WARN_BLOCK_CAPTURE_AUTORELEASING = YES;
				CLANG_WARN_BOOL_CONVERSION = YES;
				CLANG_WARN_COMMA = YES;
				CLANG_WARN_CONSTANT_CONVERSION = YES;
				CLANG_WARN_DEPRECATED_OBJC_IMPLEMENTATIONS = YES;
				CLANG_WARN_DIRECT_OBJC_ISA_USAGE = YES_ERROR;
				CLANG_WARN_DOCUMENTATION_COMMENTS = YES;
				CLANG_WARN_EMPTY_BODY = YES;
				CLANG_WARN_ENUM_CONVERSION = YES;
				CLANG_WARN_INFINITE_RECURSION = YES;
				CLANG_WARN_INT_CONVERSION = YES;
				CLANG_WARN_NON_LITERAL_NULL_CONVERSION = YES;
				CLANG_WARN_OBJC_IMPLICIT_RETAIN_SELF = YES;
				CLANG_WARN_OBJC_LITERAL_CONVERSION = YES;
				CLANG_WARN_OBJC_ROOT_CLASS = YES_ERROR;
				CLANG_WARN_RANGE_LOOP_ANALYSIS = YES;
				CLANG_WARN_STRICT_PROTOTYPES = YES;
				CLANG_WARN_SUSPICIOUS_MOVE = YES;
				CLANG_WARN_UNGUARDED_AVAILABILITY = YES_AGGRESSIVE;
				CLANG_WARN_UNREACHABLE_CODE = YES;
				CLANG_WARN__DUPLICATE_METHOD_MATCH = YES;
				CODE_SIGN_IDENTITY = "iPhone Developer";
				COPY_PHASE_STRIP = NO;
				DEBUG_INFORMATION_FORMAT = "dwarf-with-dsym";
				ENABLE_NS_ASSERTIONS = NO;
				ENABLE_STRICT_OBJC_MSGSEND = YES;
				GCC_C_LANGUAGE_STANDARD = gnu11;
				GCC_NO_COMMON_BLOCKS = YES;
				GCC_WARN_64_TO_32_BIT_CONVERSION = YES;
				GCC_WARN_ABOUT_RETURN_TYPE = YES_ERROR;
				GCC_WARN_UNDECLARED_SELECTOR = YES;
				GCC_WARN_UNINITIALIZED_AUTOS = YES_AGGRESSIVE;
				GCC_WARN_UNUSED_FUNCTION = YES;
				GCC_WARN_UNUSED_VARIABLE = YES;
				IPHONEOS_DEPLOYMENT_TARGET = 12.4;
				MTL_ENABLE_DEBUG_INFO = NO;
				MTL_FAST_MATH = YES;
				SDKROOT = iphoneos;
				SWIFT_COMPILATION_MODE = wholemodule;
				SWIFT_OPTIMIZATION_LEVEL = "-O";
				VALIDATE_PRODUCT = YES;
			};
			name = Release;
		};
		9278F5A0231C56700066FDF9 /* Debug */ = {
			isa = XCBuildConfiguration;
			buildSettings = {
				ASSETCATALOG_COMPILER_APPICON_NAME = AppIcon;
				CODE_SIGN_STYLE = Automatic;
				DEVELOPMENT_TEAM = UY5LZQ6BP5;
				INFOPLIST_FILE = "Word Scramble/Info.plist";
				LD_RUNPATH_SEARCH_PATHS = (
					"$(inherited)",
					"@executable_path/Frameworks",
				);
				PRODUCT_BUNDLE_IDENTIFIER = "edu.psu.cse.yuz313.Word-Scramble";
				PRODUCT_NAME = "$(TARGET_NAME)";
				SWIFT_VERSION = 5.0;
				TARGETED_DEVICE_FAMILY = 1;
			};
			name = Debug;
		};
		9278F5A1231C56700066FDF9 /* Release */ = {
			isa = XCBuildConfiguration;
			buildSettings = {
				ASSETCATALOG_COMPILER_APPICON_NAME = AppIcon;
				CODE_SIGN_STYLE = Automatic;
				DEVELOPMENT_TEAM = UY5LZQ6BP5;
				INFOPLIST_FILE = "Word Scramble/Info.plist";
				LD_RUNPATH_SEARCH_PATHS = (
					"$(inherited)",
					"@executable_path/Frameworks",
				);
				PRODUCT_BUNDLE_IDENTIFIER = "edu.psu.cse.yuz313.Word-Scramble";
				PRODUCT_NAME = "$(TARGET_NAME)";
				SWIFT_VERSION = 5.0;
				TARGETED_DEVICE_FAMILY = 1;
			};
			name = Release;
		};
		9278F5A3231C56700066FDF9 /* Debug */ = {
			isa = XCBuildConfiguration;
			buildSettings = {
				ALWAYS_EMBED_SWIFT_STANDARD_LIBRARIES = YES;
				BUNDLE_LOADER = "$(TEST_HOST)";
				CODE_SIGN_STYLE = Automatic;
				INFOPLIST_FILE = "Word ScrambleTests/Info.plist";
				LD_RUNPATH_SEARCH_PATHS = (
					"$(inherited)",
					"@executable_path/Frameworks",
					"@loader_path/Frameworks",
				);
				PRODUCT_BUNDLE_IDENTIFIER = "edu.psu.cse.yuz313.Word-ScrambleTests";
				PRODUCT_NAME = "$(TARGET_NAME)";
				SWIFT_VERSION = 5.0;
				TARGETED_DEVICE_FAMILY = "1,2";
				TEST_HOST = "$(BUILT_PRODUCTS_DIR)/Word Scramble.app/Word Scramble";
			};
			name = Debug;
		};
		9278F5A4231C56700066FDF9 /* Release */ = {
			isa = XCBuildConfiguration;
			buildSettings = {
				ALWAYS_EMBED_SWIFT_STANDARD_LIBRARIES = YES;
				BUNDLE_LOADER = "$(TEST_HOST)";
				CODE_SIGN_STYLE = Automatic;
				INFOPLIST_FILE = "Word ScrambleTests/Info.plist";
				LD_RUNPATH_SEARCH_PATHS = (
					"$(inherited)",
					"@executable_path/Frameworks",
					"@loader_path/Frameworks",
				);
				PRODUCT_BUNDLE_IDENTIFIER = "edu.psu.cse.yuz313.Word-ScrambleTests";
				PRODUCT_NAME = "$(TARGET_NAME)";
				SWIFT_VERSION = 5.0;
				TARGETED_DEVICE_FAMILY = "1,2";
				TEST_HOST = "$(BUILT_PRODUCTS_DIR)/Word Scramble.app/Word Scramble";
			};
			name = Release;
		};
/* End XCBuildConfiguration section */

/* Begin XCConfigurationList section */
		9278F57D231C566E0066FDF9 /* Build configuration list for PBXProject "Word Scramble" */ = {
			isa = XCConfigurationList;
			buildConfigurations = (
				9278F59D231C56700066FDF9 /* Debug */,
				9278F59E231C56700066FDF9 /* Release */,
			);
			defaultConfigurationIsVisible = 0;
			defaultConfigurationName = Release;
		};
		9278F59F231C56700066FDF9 /* Build configuration list for PBXNativeTarget "Word Scramble" */ = {
			isa = XCConfigurationList;
			buildConfigurations = (
				9278F5A0231C56700066FDF9 /* Debug */,
				9278F5A1231C56700066FDF9 /* Release */,
			);
			defaultConfigurationIsVisible = 0;
			defaultConfigurationName = Release;
		};
		9278F5A2231C56700066FDF9 /* Build configuration list for PBXNativeTarget "Word ScrambleTests" */ = {
			isa = XCConfigurationList;
			buildConfigurations = (
				9278F5A3231C56700066FDF9 /* Debug */,
				9278F5A4231C56700066FDF9 /* Release */,
			);
			defaultConfigurationIsVisible = 0;
			defaultConfigurationName = Release;
		};
/* End XCConfigurationList section */
	};
	rootObject = 9278F57A231C566E0066FDF9 /* Project object */;
}
