// !$*UTF8*$!
{
	archiveVersion = 1;
	classes = {
	};
	objectVersion = 50;
	objects = {

/* Begin PBXBuildFile section */
		9201148C2338645B0031E210 /* HintViewController.swift in Sources */ = {isa = PBXBuildFile; fileRef = 9201148B2338645B0031E210 /* HintViewController.swift */; };
		92583E87232D5C5800AEC6C6 /* Colors.swift in Sources */ = {isa = PBXBuildFile; fileRef = 92583E86232D5C5800AEC6C6 /* Colors.swift */; };
		92830FA2232C11590064F30D /* AppDelegate.swift in Sources */ = {isa = PBXBuildFile; fileRef = 92830FA1232C11590064F30D /* AppDelegate.swift */; };
		92830FA4232C11590064F30D /* ViewController.swift in Sources */ = {isa = PBXBuildFile; fileRef = 92830FA3232C11590064F30D /* ViewController.swift */; };
		92830FA7232C11590064F30D /* Main.storyboard in Resources */ = {isa = PBXBuildFile; fileRef = 92830FA5232C11590064F30D /* Main.storyboard */; };
		92830FA9232C115B0064F30D /* Assets.xcassets in Resources */ = {isa = PBXBuildFile; fileRef = 92830FA8232C115B0064F30D /* Assets.xcassets */; };
		92830FAC232C115B0064F30D /* LaunchScreen.storyboard in Resources */ = {isa = PBXBuildFile; fileRef = 92830FAA232C115B0064F30D /* LaunchScreen.storyboard */; };
		92830FB7232C115B0064F30D /* PentominoesTests.swift in Sources */ = {isa = PBXBuildFile; fileRef = 92830FB6232C115B0064F30D /* PentominoesTests.swift */; };
		92830FE3232C12A70064F30D /* PentominoModel.swift in Sources */ = {isa = PBXBuildFile; fileRef = 92830FC9232C12A70064F30D /* PentominoModel.swift */; };
		92830FED232C12A70064F30D /* Solutions.plist in Resources */ = {isa = PBXBuildFile; fileRef = 92830FD3232C12A70064F30D /* Solutions.plist */; };
/* End PBXBuildFile section */

/* Begin PBXContainerItemProxy section */
		92830FB3232C115B0064F30D /* PBXContainerItemProxy */ = {
			isa = PBXContainerItemProxy;
			containerPortal = 92830F96232C11590064F30D /* Project object */;
			proxyType = 1;
			remoteGlobalIDString = 92830F9D232C11590064F30D;
			remoteInfo = Pentominoes;
		};
/* End PBXContainerItemProxy section */

/* Begin PBXFileReference section */
		9201148B2338645B0031E210 /* HintViewController.swift */ = {isa = PBXFileReference; lastKnownFileType = sourcecode.swift; path = HintViewController.swift; sourceTree = "<group>"; };
		92583E86232D5C5800AEC6C6 /* Colors.swift */ = {isa = PBXFileReference; lastKnownFileType = sourcecode.swift; name = Colors.swift; path = "../../../../../System/Volumes/Data/Users/yixuanzhang/projects-yuz313/Pentominoes/Pentominoes/Colors.swift"; sourceTree = "<group>"; };
		92830F9E232C11590064F30D /* Pentominoes.app */ = {isa = PBXFileReference; explicitFileType = wrapper.application; includeInIndex = 0; path = Pentominoes.app; sourceTree = BUILT_PRODUCTS_DIR; };
		92830FA1232C11590064F30D /* AppDelegate.swift */ = {isa = PBXFileReference; lastKnownFileType = sourcecode.swift; path = AppDelegate.swift; sourceTree = "<group>"; };
		92830FA3232C11590064F30D /* ViewController.swift */ = {isa = PBXFileReference; lastKnownFileType = sourcecode.swift; path = ViewController.swift; sourceTree = "<group>"; };
		92830FA6232C11590064F30D /* Base */ = {isa = PBXFileReference; lastKnownFileType = file.storyboard; name = Base; path = Base.lproj/Main.storyboard; sourceTree = "<group>"; };
		92830FA8232C115B0064F30D /* Assets.xcassets */ = {isa = PBXFileReference; lastKnownFileType = folder.assetcatalog; path = Assets.xcassets; sourceTree = "<group>"; };
		92830FAB232C115B0064F30D /* Base */ = {isa = PBXFileReference; lastKnownFileType = file.storyboard; name = Base; path = Base.lproj/LaunchScreen.storyboard; sourceTree = "<group>"; };
		92830FAD232C115B0064F30D /* Info.plist */ = {isa = PBXFileReference; lastKnownFileType = text.plist.xml; path = Info.plist; sourceTree = "<group>"; };
		92830FB2232C115B0064F30D /* PentominoesTests.xctest */ = {isa = PBXFileReference; explicitFileType = wrapper.cfbundle; includeInIndex = 0; path = PentominoesTests.xctest; sourceTree = BUILT_PRODUCTS_DIR; };
		92830FB6232C115B0064F30D /* PentominoesTests.swift */ = {isa = PBXFileReference; lastKnownFileType = sourcecode.swift; path = PentominoesTests.swift; sourceTree = "<group>"; };
		92830FB8232C115B0064F30D /* Info.plist */ = {isa = PBXFileReference; lastKnownFileType = text.plist.xml; path = Info.plist; sourceTree = "<group>"; };
		92830FC9232C12A70064F30D /* PentominoModel.swift */ = {isa = PBXFileReference; fileEncoding = 4; lastKnownFileType = sourcecode.swift; path = PentominoModel.swift; sourceTree = "<group>"; };
		92830FD3232C12A70064F30D /* Solutions.plist */ = {isa = PBXFileReference; fileEncoding = 4; lastKnownFileType = text.plist.xml; path = Solutions.plist; sourceTree = "<group>"; };
/* End PBXFileReference section */

/* Begin PBXFrameworksBuildPhase section */
		92830F9B232C11590064F30D /* Frameworks */ = {
			isa = PBXFrameworksBuildPhase;
			buildActionMask = 2147483647;
			files = (
			);
			runOnlyForDeploymentPostprocessing = 0;
		};
		92830FAF232C115B0064F30D /* Frameworks */ = {
			isa = PBXFrameworksBuildPhase;
			buildActionMask = 2147483647;
			files = (
			);
			runOnlyForDeploymentPostprocessing = 0;
		};
/* End PBXFrameworksBuildPhase section */

/* Begin PBXGroup section */
		92830F95232C11590064F30D = {
			isa = PBXGroup;
			children = (
				92830FA0232C11590064F30D /* Pentominoes */,
				92830FB5232C115B0064F30D /* PentominoesTests */,
				92830F9F232C11590064F30D /* Products */,
			);
			sourceTree = "<group>";
		};
		92830F9F232C11590064F30D /* Products */ = {
			isa = PBXGroup;
			children = (
				92830F9E232C11590064F30D /* Pentominoes.app */,
				92830FB2232C115B0064F30D /* PentominoesTests.xctest */,
			);
			name = Products;
			sourceTree = "<group>";
		};
		92830FA0232C11590064F30D /* Pentominoes */ = {
			isa = PBXGroup;
			children = (
				9201148B2338645B0031E210 /* HintViewController.swift */,
				92830FD3232C12A70064F30D /* Solutions.plist */,
				92830FC9232C12A70064F30D /* PentominoModel.swift */,
				92830FA1232C11590064F30D /* AppDelegate.swift */,
				92830FA3232C11590064F30D /* ViewController.swift */,
				92830FA5232C11590064F30D /* Main.storyboard */,
				92830FA8232C115B0064F30D /* Assets.xcassets */,
				92830FAA232C115B0064F30D /* LaunchScreen.storyboard */,
				92830FAD232C115B0064F30D /* Info.plist */,
				92583E86232D5C5800AEC6C6 /* Colors.swift */,
			);
			path = Pentominoes;
			sourceTree = "<group>";
		};
		92830FB5232C115B0064F30D /* PentominoesTests */ = {
			isa = PBXGroup;
			children = (
				92830FB6232C115B0064F30D /* PentominoesTests.swift */,
				92830FB8232C115B0064F30D /* Info.plist */,
			);
			path = PentominoesTests;
			sourceTree = "<group>";
		};
/* End PBXGroup section */

/* Begin PBXNativeTarget section */
		92830F9D232C11590064F30D /* Pentominoes */ = {
			isa = PBXNativeTarget;
			buildConfigurationList = 92830FBB232C115B0064F30D /* Build configuration list for PBXNativeTarget "Pentominoes" */;
			buildPhases = (
				92830F9A232C11590064F30D /* Sources */,
				92830F9B232C11590064F30D /* Frameworks */,
				92830F9C232C11590064F30D /* Resources */,
			);
			buildRules = (
			);
			dependencies = (
			);
			name = Pentominoes;
			productName = Pentominoes;
			productReference = 92830F9E232C11590064F30D /* Pentominoes.app */;
			productType = "com.apple.product-type.application";
		};
		92830FB1232C115B0064F30D /* PentominoesTests */ = {
			isa = PBXNativeTarget;
			buildConfigurationList = 92830FBE232C115B0064F30D /* Build configuration list for PBXNativeTarget "PentominoesTests" */;
			buildPhases = (
				92830FAE232C115B0064F30D /* Sources */,
				92830FAF232C115B0064F30D /* Frameworks */,
				92830FB0232C115B0064F30D /* Resources */,
			);
			buildRules = (
			);
			dependencies = (
				92830FB4232C115B0064F30D /* PBXTargetDependency */,
			);
			name = PentominoesTests;
			productName = PentominoesTests;
			productReference = 92830FB2232C115B0064F30D /* PentominoesTests.xctest */;
			productType = "com.apple.product-type.bundle.unit-test";
		};
/* End PBXNativeTarget section */

/* Begin PBXProject section */
		92830F96232C11590064F30D /* Project object */ = {
			isa = PBXProject;
			attributes = {
				LastSwiftUpdateCheck = 1030;
				LastUpgradeCheck = 1030;
				ORGANIZATIONNAME = "Yixuan Zhang";
				TargetAttributes = {
					92830F9D232C11590064F30D = {
						CreatedOnToolsVersion = 10.3;
					};
					92830FB1232C115B0064F30D = {
						CreatedOnToolsVersion = 10.3;
						TestTargetID = 92830F9D232C11590064F30D;
					};
				};
			};
			buildConfigurationList = 92830F99232C11590064F30D /* Build configuration list for PBXProject "Pentominoes" */;
			compatibilityVersion = "Xcode 9.3";
			developmentRegion = en;
			hasScannedForEncodings = 0;
			knownRegions = (
				en,
				Base,
			);
			mainGroup = 92830F95232C11590064F30D;
			productRefGroup = 92830F9F232C11590064F30D /* Products */;
			projectDirPath = "";
			projectRoot = "";
			targets = (
				92830F9D232C11590064F30D /* Pentominoes */,
				92830FB1232C115B0064F30D /* PentominoesTests */,
			);
		};
/* End PBXProject section */

/* Begin PBXResourcesBuildPhase section */
		92830F9C232C11590064F30D /* Resources */ = {
			isa = PBXResourcesBuildPhase;
			buildActionMask = 2147483647;
			files = (
				92830FAC232C115B0064F30D /* LaunchScreen.storyboard in Resources */,
				92830FA9232C115B0064F30D /* Assets.xcassets in Resources */,
				92830FA7232C11590064F30D /* Main.storyboard in Resources */,
				92830FED232C12A70064F30D /* Solutions.plist in Resources */,
			);
			runOnlyForDeploymentPostprocessing = 0;
		};
		92830FB0232C115B0064F30D /* Resources */ = {
			isa = PBXResourcesBuildPhase;
			buildActionMask = 2147483647;
			files = (
			);
			runOnlyForDeploymentPostprocessing = 0;
		};
/* End PBXResourcesBuildPhase section */

/* Begin PBXSourcesBuildPhase section */
		92830F9A232C11590064F30D /* Sources */ = {
			isa = PBXSourcesBuildPhase;
			buildActionMask = 2147483647;
			files = (
				92830FA4232C11590064F30D /* ViewController.swift in Sources */,
				9201148C2338645B0031E210 /* HintViewController.swift in Sources */,
				92583E87232D5C5800AEC6C6 /* Colors.swift in Sources */,
				92830FA2232C11590064F30D /* AppDelegate.swift in Sources */,
				92830FE3232C12A70064F30D /* PentominoModel.swift in Sources */,
			);
			runOnlyForDeploymentPostprocessing = 0;
		};
		92830FAE232C115B0064F30D /* Sources */ = {
			isa = PBXSourcesBuildPhase;
			buildActionMask = 2147483647;
			files = (
				92830FB7232C115B0064F30D /* PentominoesTests.swift in Sources */,
			);
			runOnlyForDeploymentPostprocessing = 0;
		};
/* End PBXSourcesBuildPhase section */

/* Begin PBXTargetDependency section */
		92830FB4232C115B0064F30D /* PBXTargetDependency */ = {
			isa = PBXTargetDependency;
			target = 92830F9D232C11590064F30D /* Pentominoes */;
			targetProxy = 92830FB3232C115B0064F30D /* PBXContainerItemProxy */;
		};
/* End PBXTargetDependency section */

/* Begin PBXVariantGroup section */
		92830FA5232C11590064F30D /* Main.storyboard */ = {
			isa = PBXVariantGroup;
			children = (
				92830FA6232C11590064F30D /* Base */,
			);
			name = Main.storyboard;
			sourceTree = "<group>";
		};
		92830FAA232C115B0064F30D /* LaunchScreen.storyboard */ = {
			isa = PBXVariantGroup;
			children = (
				92830FAB232C115B0064F30D /* Base */,
			);
			name = LaunchScreen.storyboard;
			sourceTree = "<group>";
		};
/* End PBXVariantGroup section */

/* Begin XCBuildConfiguration section */
		92830FB9232C115B0064F30D /* Debug */ = {
			isa = XCBuildConfiguration;
			buildSettings = {
				ALWAYS_SEARCH_USER_PATHS = NO;
				CLANG_ANALYZER_NONNULL = YES;
				CLANG_ANALYZER_NUMBER_OBJECT_CONVERSION = YES_AGGRESSIVE;
				CLANG_CXX_LANGUAGE_STANDARD = "gnu++14";
				CLANG_CXX_LIBRARY = "libc++";
				CLANG_ENABLE_MODULES = YES;
				CLANG_ENABLE_OBJC_ARC = YES;
				CLANG_ENABLE_OBJC_WEAK = YES;
				CLANG_WARN_BLOCK_CAPTURE_AUTORELEASING = YES;
				CLANG_WARN_BOOL_CONVERSION = YES;
				CLANG_WARN_COMMA = YES;
				CLANG_WARN_CONSTANT_CONVERSION = YES;
				CLANG_WARN_DEPRECATED_OBJC_IMPLEMENTATIONS = YES;
				CLANG_WARN_DIRECT_OBJC_ISA_USAGE = YES_ERROR;
				CLANG_WARN_DOCUMENTATION_COMMENTS = YES;
				CLANG_WARN_EMPTY_BODY = YES;
				CLANG_WARN_ENUM_CONVERSION = YES;
				CLANG_WARN_INFINITE_RECURSION = YES;
				CLANG_WARN_INT_CONVERSION = YES;
				CLANG_WARN_NON_LITERAL_NULL_CONVERSION = YES;
				CLANG_WARN_OBJC_IMPLICIT_RETAIN_SELF = YES;
				CLANG_WARN_OBJC_LITERAL_CONVERSION = YES;
				CLANG_WARN_OBJC_ROOT_CLASS = YES_ERROR;
				CLANG_WARN_RANGE_LOOP_ANALYSIS = YES;
				CLANG_WARN_STRICT_PROTOTYPES = YES;
				CLANG_WARN_SUSPICIOUS_MOVE = YES;
				CLANG_WARN_UNGUARDED_AVAILABILITY = YES_AGGRESSIVE;
				CLANG_WARN_UNREACHABLE_CODE = YES;
				CLANG_WARN__DUPLICATE_METHOD_MATCH = YES;
				CODE_SIGN_IDENTITY = "iPhone Developer";
				COPY_PHASE_STRIP = NO;
				DEBUG_INFORMATION_FORMAT = dwarf;
				ENABLE_STRICT_OBJC_MSGSEND = YES;
				ENABLE_TESTABILITY = YES;
				GCC_C_LANGUAGE_STANDARD = gnu11;
				GCC_DYNAMIC_NO_PIC = NO;
				GCC_NO_COMMON_BLOCKS = YES;
				GCC_OPTIMIZATION_LEVEL = 0;
				GCC_PREPROCESSOR_DEFINITIONS = (
					"DEBUG=1",
					"$(inherited)",
				);
				GCC_WARN_64_TO_32_BIT_CONVERSION = YES;
				GCC_WARN_ABOUT_RETURN_TYPE = YES_ERROR;
				GCC_WARN_UNDECLARED_SELECTOR = YES;
				GCC_WARN_UNINITIALIZED_AUTOS = YES_AGGRESSIVE;
				GCC_WARN_UNUSED_FUNCTION = YES;
				GCC_WARN_UNUSED_VARIABLE = YES;
				IPHONEOS_DEPLOYMENT_TARGET = 12.4;
				MTL_ENABLE_DEBUG_INFO = INCLUDE_SOURCE;
				MTL_FAST_MATH = YES;
				ONLY_ACTIVE_ARCH = YES;
				SDKROOT = iphoneos;
				SWIFT_ACTIVE_COMPILATION_CONDITIONS = DEBUG;
				SWIFT_OPTIMIZATION_LEVEL = "-Onone";
			};
			name = Debug;
		};
		92830FBA232C115B0064F30D /* Release */ = {
			isa = XCBuildConfiguration;
			buildSettings = {
				ALWAYS_SEARCH_USER_PATHS = NO;
				CLANG_ANALYZER_NONNULL = YES;
				CLANG_ANALYZER_NUMBER_OBJECT_CONVERSION = YES_AGGRESSIVE;
				CLANG_CXX_LANGUAGE_STANDARD = "gnu++14";
				CLANG_CXX_LIBRARY = "libc++";
				CLANG_ENABLE_MODULES = YES;
				CLANG_ENABLE_OBJC_ARC = YES;
				CLANG_ENABLE_OBJC_WEAK = YES;
				CLANG_WARN_BLOCK_CAPTURE_AUTORELEASING = YES;
				CLANG_WARN_BOOL_CONVERSION = YES;
				CLANG_WARN_COMMA = YES;
				CLANG_WARN_CONSTANT_CONVERSION = YES;
				CLANG_WARN_DEPRECATED_OBJC_IMPLEMENTATIONS = YES;
				CLANG_WARN_DIRECT_OBJC_ISA_USAGE = YES_ERROR;
				CLANG_WARN_DOCUMENTATION_COMMENTS = YES;
				CLANG_WARN_EMPTY_BODY = YES;
				CLANG_WARN_ENUM_CONVERSION = YES;
				CLANG_WARN_INFINITE_RECURSION = YES;
				CLANG_WARN_INT_CONVERSION = YES;
				CLANG_WARN_NON_LITERAL_NULL_CONVERSION = YES;
				CLANG_WARN_OBJC_IMPLICIT_RETAIN_SELF = YES;
				CLANG_WARN_OBJC_LITERAL_CONVERSION = YES;
				CLANG_WARN_OBJC_ROOT_CLASS = YES_ERROR;
				CLANG_WARN_RANGE_LOOP_ANALYSIS = YES;
				CLANG_WARN_STRICT_PROTOTYPES = YES;
				CLANG_WARN_SUSPICIOUS_MOVE = YES;
				CLANG_WARN_UNGUARDED_AVAILABILITY = YES_AGGRESSIVE;
				CLANG_WARN_UNREACHABLE_CODE = YES;
				CLANG_WARN__DUPLICATE_METHOD_MATCH = YES;
				CODE_SIGN_IDENTITY = "iPhone Developer";
				COPY_PHASE_STRIP = NO;
				DEBUG_INFORMATION_FORMAT = "dwarf-with-dsym";
				ENABLE_NS_ASSERTIONS = NO;
				ENABLE_STRICT_OBJC_MSGSEND = YES;
				GCC_C_LANGUAGE_STANDARD = gnu11;
				GCC_NO_COMMON_BLOCKS = YES;
				GCC_WARN_64_TO_32_BIT_CONVERSION = YES;
				GCC_WARN_ABOUT_RETURN_TYPE = YES_ERROR;
				GCC_WARN_UNDECLARED_SELECTOR = YES;
				GCC_WARN_UNINITIALIZED_AUTOS = YES_AGGRESSIVE;
				GCC_WARN_UNUSED_FUNCTION = YES;
				GCC_WARN_UNUSED_VARIABLE = YES;
				IPHONEOS_DEPLOYMENT_TARGET = 12.4;
				MTL_ENABLE_DEBUG_INFO = NO;
				MTL_FAST_MATH = YES;
				SDKROOT = iphoneos;
				SWIFT_COMPILATION_MODE = wholemodule;
				SWIFT_OPTIMIZATION_LEVEL = "-O";
				VALIDATE_PRODUCT = YES;
			};
			name = Release;
		};
		92830FBC232C115B0064F30D /* Debug */ = {
			isa = XCBuildConfiguration;
			buildSettings = {
				ASSETCATALOG_COMPILER_APPICON_NAME = AppIcon;
				CODE_SIGN_STYLE = Automatic;
				DEVELOPMENT_TEAM = UY5LZQ6BP5;
				INFOPLIST_FILE = Pentominoes/Info.plist;
				LD_RUNPATH_SEARCH_PATHS = (
					"$(inherited)",
					"@executable_path/Frameworks",
				);
				PRODUCT_BUNDLE_IDENTIFIER = edu.psu.cse.yuz313.Pentominoes;
				PRODUCT_NAME = "$(TARGET_NAME)";
				SWIFT_VERSION = 5.0;
				TARGETED_DEVICE_FAMILY = 2;
			};
			name = Debug;
		};
		92830FBD232C115B0064F30D /* Release */ = {
			isa = XCBuildConfiguration;
			buildSettings = {
				ASSETCATALOG_COMPILER_APPICON_NAME = AppIcon;
				CODE_SIGN_STYLE = Automatic;
				DEVELOPMENT_TEAM = UY5LZQ6BP5;
				INFOPLIST_FILE = Pentominoes/Info.plist;
				LD_RUNPATH_SEARCH_PATHS = (
					"$(inherited)",
					"@executable_path/Frameworks",
				);
				PRODUCT_BUNDLE_IDENTIFIER = edu.psu.cse.yuz313.Pentominoes;
				PRODUCT_NAME = "$(TARGET_NAME)";
				SWIFT_VERSION = 5.0;
				TARGETED_DEVICE_FAMILY = 2;
			};
			name = Release;
		};
		92830FBF232C115B0064F30D /* Debug */ = {
			isa = XCBuildConfiguration;
			buildSettings = {
				ALWAYS_EMBED_SWIFT_STANDARD_LIBRARIES = YES;
				BUNDLE_LOADER = "$(TEST_HOST)";
				CODE_SIGN_STYLE = Automatic;
				DEVELOPMENT_TEAM = UY5LZQ6BP5;
				INFOPLIST_FILE = PentominoesTests/Info.plist;
				LD_RUNPATH_SEARCH_PATHS = (
					"$(inherited)",
					"@executable_path/Frameworks",
					"@loader_path/Frameworks",
				);
				PRODUCT_BUNDLE_IDENTIFIER = edu.psu.cse.yuz313.PentominoesTests;
				PRODUCT_NAME = "$(TARGET_NAME)";
				SWIFT_VERSION = 5.0;
				TARGETED_DEVICE_FAMILY = "1,2";
				TEST_HOST = "$(BUILT_PRODUCTS_DIR)/Pentominoes.app/Pentominoes";
			};
			name = Debug;
		};
		92830FC0232C115B0064F30D /* Release */ = {
			isa = XCBuildConfiguration;
			buildSettings = {
				ALWAYS_EMBED_SWIFT_STANDARD_LIBRARIES = YES;
				BUNDLE_LOADER = "$(TEST_HOST)";
				CODE_SIGN_STYLE = Automatic;
				DEVELOPMENT_TEAM = UY5LZQ6BP5;
				INFOPLIST_FILE = PentominoesTests/Info.plist;
				LD_RUNPATH_SEARCH_PATHS = (
					"$(inherited)",
					"@executable_path/Frameworks",
					"@loader_path/Frameworks",
				);
				PRODUCT_BUNDLE_IDENTIFIER = edu.psu.cse.yuz313.PentominoesTests;
				PRODUCT_NAME = "$(TARGET_NAME)";
				SWIFT_VERSION = 5.0;
				TARGETED_DEVICE_FAMILY = "1,2";
				TEST_HOST = "$(BUILT_PRODUCTS_DIR)/Pentominoes.app/Pentominoes";
			};
			name = Release;
		};
/* End XCBuildConfiguration section */

/* Begin XCConfigurationList section */
		92830F99232C11590064F30D /* Build configuration list for PBXProject "Pentominoes" */ = {
			isa = XCConfigurationList;
			buildConfigurations = (
				92830FB9232C115B0064F30D /* Debug */,
				92830FBA232C115B0064F30D /* Release */,
			);
			defaultConfigurationIsVisible = 0;
			defaultConfigurationName = Release;
		};
		92830FBB232C115B0064F30D /* Build configuration list for PBXNativeTarget "Pentominoes" */ = {
			isa = XCConfigurationList;
			buildConfigurations = (
				92830FBC232C115B0064F30D /* Debug */,
				92830FBD232C115B0064F30D /* Release */,
			);
			defaultConfigurationIsVisible = 0;
			defaultConfigurationName = Release;
		};
		92830FBE232C115B0064F30D /* Build configuration list for PBXNativeTarget "PentominoesTests" */ = {
			isa = XCConfigurationList;
			buildConfigurations = (
				92830FBF232C115B0064F30D /* Debug */,
				92830FC0232C115B0064F30D /* Release */,
			);
			defaultConfigurationIsVisible = 0;
			defaultConfigurationName = Release;
		};
/* End XCConfigurationList section */
	};
	rootObject = 92830F96232C11590064F30D /* Project object */;
}
